// !$*UTF8*$!
{
	archiveVersion = 1;
	classes = {
	};
	objectVersion = 46;
	objects = {

/* Begin PBXBuildFile section */
		C81703AF1977BB1400A1905B /* Foundation.framework in Frameworks */ = {isa = PBXBuildFile; fileRef = C81703AE1977BB1400A1905B /* Foundation.framework */; };
		C81703B11977BB1400A1905B /* CoreGraphics.framework in Frameworks */ = {isa = PBXBuildFile; fileRef = C81703B01977BB1400A1905B /* CoreGraphics.framework */; };
		C81703B31977BB1400A1905B /* UIKit.framework in Frameworks */ = {isa = PBXBuildFile; fileRef = C81703B21977BB1400A1905B /* UIKit.framework */; };
		C81703B91977BB1400A1905B /* InfoPlist.strings in Resources */ = {isa = PBXBuildFile; fileRef = C81703B71977BB1400A1905B /* InfoPlist.strings */; };
		C81703BB1977BB1400A1905B /* main.m in Sources */ = {isa = PBXBuildFile; fileRef = C81703BA1977BB1400A1905B /* main.m */; };
		C81703BF1977BB1400A1905B /* DVAppDelegate.m in Sources */ = {isa = PBXBuildFile; fileRef = C81703BE1977BB1400A1905B /* DVAppDelegate.m */; };
		C81703C11977BB1400A1905B /* Images.xcassets in Resources */ = {isa = PBXBuildFile; fileRef = C81703C01977BB1400A1905B /* Images.xcassets */; };
		C81703C81977BB1400A1905B /* XCTest.framework in Frameworks */ = {isa = PBXBuildFile; fileRef = C81703C71977BB1400A1905B /* XCTest.framework */; };
		C81703C91977BB1400A1905B /* Foundation.framework in Frameworks */ = {isa = PBXBuildFile; fileRef = C81703AE1977BB1400A1905B /* Foundation.framework */; };
		C81703CA1977BB1400A1905B /* UIKit.framework in Frameworks */ = {isa = PBXBuildFile; fileRef = C81703B21977BB1400A1905B /* UIKit.framework */; };
		C81703D21977BB1400A1905B /* InfoPlist.strings in Resources */ = {isa = PBXBuildFile; fileRef = C81703D01977BB1400A1905B /* InfoPlist.strings */; };
		C81703D41977BB1400A1905B /* FriendsListTests.m in Sources */ = {isa = PBXBuildFile; fileRef = C81703D31977BB1400A1905B /* FriendsListTests.m */; };
		C81703E01977BB4600A1905B /* HomeViewController.m in Sources */ = {isa = PBXBuildFile; fileRef = C81703DE1977BB4600A1905B /* HomeViewController.m */; };
		C81703E11977BB4600A1905B /* HomeViewController.xib in Resources */ = {isa = PBXBuildFile; fileRef = C81703DF1977BB4600A1905B /* HomeViewController.xib */; };
		C81703E31977BFA600A1905B /* orangeButton.png in Resources */ = {isa = PBXBuildFile; fileRef = C81703E21977BFA600A1905B /* orangeButton.png */; };
		C81703E71977C12300A1905B /* GoogleOpenSource.framework in Frameworks */ = {isa = PBXBuildFile; fileRef = C81703E41977C12300A1905B /* GoogleOpenSource.framework */; };
		C81703E81977C12300A1905B /* GooglePlus.bundle in Frameworks */ = {isa = PBXBuildFile; fileRef = C81703E51977C12300A1905B /* GooglePlus.bundle */; };
		C81703E91977C12300A1905B /* GooglePlus.framework in Frameworks */ = {isa = PBXBuildFile; fileRef = C81703E61977C12300A1905B /* GooglePlus.framework */; };
		C81703EE1977C18E00A1905B /* ListPeopleViewController.m in Sources */ = {isa = PBXBuildFile; fileRef = C81703EC1977C18E00A1905B /* ListPeopleViewController.m */; };
		C81703EF1977C18E00A1905B /* ListPeopleViewController.xib in Resources */ = {isa = PBXBuildFile; fileRef = C81703ED1977C18E00A1905B /* ListPeopleViewController.xib */; };
		C81703F11977C31200A1905B /* AddressBook.framework in Frameworks */ = {isa = PBXBuildFile; fileRef = C81703F01977C31200A1905B /* AddressBook.framework */; };
		C81703F31977C31B00A1905B /* AVFoundation.framework in Frameworks */ = {isa = PBXBuildFile; fileRef = C81703F21977C31B00A1905B /* AVFoundation.framework */; };
		C81703F51977C32A00A1905B /* Social.framework in Frameworks */ = {isa = PBXBuildFile; fileRef = C81703F41977C32A00A1905B /* Social.framework */; };
		C81703F71977C33400A1905B /* StoreKit.framework in Frameworks */ = {isa = PBXBuildFile; fileRef = C81703F61977C33400A1905B /* StoreKit.framework */; };
		C81703F91977C34100A1905B /* Accounts.framework in Frameworks */ = {isa = PBXBuildFile; fileRef = C81703F81977C34100A1905B /* Accounts.framework */; };
		C81703FB1977C34C00A1905B /* AssetsLibrary.framework in Frameworks */ = {isa = PBXBuildFile; fileRef = C81703FA1977C34C00A1905B /* AssetsLibrary.framework */; };
		C81703FD1977C35900A1905B /* CoreLocation.framework in Frameworks */ = {isa = PBXBuildFile; fileRef = C81703FC1977C35900A1905B /* CoreLocation.framework */; };
		C81703FF1977C36500A1905B /* CoreMotion.framework in Frameworks */ = {isa = PBXBuildFile; fileRef = C81703FE1977C36500A1905B /* CoreMotion.framework */; };
/* End PBXBuildFile section */

/* Begin PBXContainerItemProxy section */
		C81703CB1977BB1400A1905B /* PBXContainerItemProxy */ = {
			isa = PBXContainerItemProxy;
			containerPortal = C81703A31977BB1400A1905B /* Project object */;
			proxyType = 1;
			remoteGlobalIDString = C81703AA1977BB1400A1905B;
			remoteInfo = FriendsList;
		};
/* End PBXContainerItemProxy section */

/* Begin PBXFileReference section */
		C81703AB1977BB1400A1905B /* FriendsList.app */ = {isa = PBXFileReference; explicitFileType = wrapper.application; includeInIndex = 0; path = FriendsList.app; sourceTree = BUILT_PRODUCTS_DIR; };
		C81703AE1977BB1400A1905B /* Foundation.framework */ = {isa = PBXFileReference; lastKnownFileType = wrapper.framework; name = Foundation.framework; path = System/Library/Frameworks/Foundation.framework; sourceTree = SDKROOT; };
		C81703B01977BB1400A1905B /* CoreGraphics.framework */ = {isa = PBXFileReference; lastKnownFileType = wrapper.framework; name = CoreGraphics.framework; path = System/Library/Frameworks/CoreGraphics.framework; sourceTree = SDKROOT; };
		C81703B21977BB1400A1905B /* UIKit.framework */ = {isa = PBXFileReference; lastKnownFileType = wrapper.framework; name = UIKit.framework; path = System/Library/Frameworks/UIKit.framework; sourceTree = SDKROOT; };
		C81703B61977BB1400A1905B /* FriendsList-Info.plist */ = {isa = PBXFileReference; lastKnownFileType = text.plist.xml; path = "FriendsList-Info.plist"; sourceTree = "<group>"; };
		C81703B81977BB1400A1905B /* en */ = {isa = PBXFileReference; lastKnownFileType = text.plist.strings; name = en; path = en.lproj/InfoPlist.strings; sourceTree = "<group>"; };
		C81703BA1977BB1400A1905B /* main.m */ = {isa = PBXFileReference; lastKnownFileType = sourcecode.c.objc; path = main.m; sourceTree = "<group>"; };
		C81703BC1977BB1400A1905B /* FriendsList-Prefix.pch */ = {isa = PBXFileReference; lastKnownFileType = sourcecode.c.h; path = "FriendsList-Prefix.pch"; sourceTree = "<group>"; };
		C81703BD1977BB1400A1905B /* DVAppDelegate.h */ = {isa = PBXFileReference; lastKnownFileType = sourcecode.c.h; path = DVAppDelegate.h; sourceTree = "<group>"; };
		C81703BE1977BB1400A1905B /* DVAppDelegate.m */ = {isa = PBXFileReference; lastKnownFileType = sourcecode.c.objc; path = DVAppDelegate.m; sourceTree = "<group>"; };
		C81703C01977BB1400A1905B /* Images.xcassets */ = {isa = PBXFileReference; lastKnownFileType = folder.assetcatalog; path = Images.xcassets; sourceTree = "<group>"; };
		C81703C61977BB1400A1905B /* FriendsListTests.xctest */ = {isa = PBXFileReference; explicitFileType = wrapper.cfbundle; includeInIndex = 0; path = FriendsListTests.xctest; sourceTree = BUILT_PRODUCTS_DIR; };
		C81703C71977BB1400A1905B /* XCTest.framework */ = {isa = PBXFileReference; lastKnownFileType = wrapper.framework; name = XCTest.framework; path = Library/Frameworks/XCTest.framework; sourceTree = DEVELOPER_DIR; };
		C81703CF1977BB1400A1905B /* FriendsListTests-Info.plist */ = {isa = PBXFileReference; lastKnownFileType = text.plist.xml; path = "FriendsListTests-Info.plist"; sourceTree = "<group>"; };
		C81703D11977BB1400A1905B /* en */ = {isa = PBXFileReference; lastKnownFileType = text.plist.strings; name = en; path = en.lproj/InfoPlist.strings; sourceTree = "<group>"; };
		C81703D31977BB1400A1905B /* FriendsListTests.m */ = {isa = PBXFileReference; lastKnownFileType = sourcecode.c.objc; name = FriendsListTests.m; path = FriendsListTests/FriendsListTests.m; sourceTree = SOURCE_ROOT; };
		C81703DD1977BB4600A1905B /* HomeViewController.h */ = {isa = PBXFileReference; fileEncoding = 4; lastKnownFileType = sourcecode.c.h; path = HomeViewController.h; sourceTree = "<group>"; };
		C81703DE1977BB4600A1905B /* HomeViewController.m */ = {isa = PBXFileReference; fileEncoding = 4; lastKnownFileType = sourcecode.c.objc; path = HomeViewController.m; sourceTree = "<group>"; };
		C81703DF1977BB4600A1905B /* HomeViewController.xib */ = {isa = PBXFileReference; fileEncoding = 4; lastKnownFileType = file.xib; path = HomeViewController.xib; sourceTree = "<group>"; };
		C81703E21977BFA600A1905B /* orangeButton.png */ = {isa = PBXFileReference; lastKnownFileType = image.png; path = orangeButton.png; sourceTree = "<group>"; };
		C81703E41977C12300A1905B /* GoogleOpenSource.framework */ = {isa = PBXFileReference; lastKnownFileType = wrapper.framework; name = GoogleOpenSource.framework; path = Framework/Google/GoogleOpenSource.framework; sourceTree = "<group>"; };
		C81703E51977C12300A1905B /* GooglePlus.bundle */ = {isa = PBXFileReference; lastKnownFileType = "wrapper.plug-in"; name = GooglePlus.bundle; path = Framework/Google/GooglePlus.bundle; sourceTree = "<group>"; };
		C81703E61977C12300A1905B /* GooglePlus.framework */ = {isa = PBXFileReference; lastKnownFileType = wrapper.framework; name = GooglePlus.framework; path = Framework/Google/GooglePlus.framework; sourceTree = "<group>"; };
		C81703EB1977C18E00A1905B /* ListPeopleViewController.h */ = {isa = PBXFileReference; fileEncoding = 4; lastKnownFileType = sourcecode.c.h; path = ListPeopleViewController.h; sourceTree = "<group>"; };
		C81703EC1977C18E00A1905B /* ListPeopleViewController.m */ = {isa = PBXFileReference; fileEncoding = 4; lastKnownFileType = sourcecode.c.objc; path = ListPeopleViewController.m; sourceTree = "<group>"; };
		C81703ED1977C18E00A1905B /* ListPeopleViewController.xib */ = {isa = PBXFileReference; fileEncoding = 4; lastKnownFileType = file.xib; path = ListPeopleViewController.xib; sourceTree = "<group>"; };
		C81703F01977C31200A1905B /* AddressBook.framework */ = {isa = PBXFileReference; lastKnownFileType = wrapper.framework; name = AddressBook.framework; path = System/Library/Frameworks/AddressBook.framework; sourceTree = SDKROOT; };
		C81703F21977C31B00A1905B /* AVFoundation.framework */ = {isa = PBXFileReference; lastKnownFileType = wrapper.framework; name = AVFoundation.framework; path = System/Library/Frameworks/AVFoundation.framework; sourceTree = SDKROOT; };
		C81703F41977C32A00A1905B /* Social.framework */ = {isa = PBXFileReference; lastKnownFileType = wrapper.framework; name = Social.framework; path = System/Library/Frameworks/Social.framework; sourceTree = SDKROOT; };
		C81703F61977C33400A1905B /* StoreKit.framework */ = {isa = PBXFileReference; lastKnownFileType = wrapper.framework; name = StoreKit.framework; path = System/Library/Frameworks/StoreKit.framework; sourceTree = SDKROOT; };
		C81703F81977C34100A1905B /* Accounts.framework */ = {isa = PBXFileReference; lastKnownFileType = wrapper.framework; name = Accounts.framework; path = System/Library/Frameworks/Accounts.framework; sourceTree = SDKROOT; };
		C81703FA1977C34C00A1905B /* AssetsLibrary.framework */ = {isa = PBXFileReference; lastKnownFileType = wrapper.framework; name = AssetsLibrary.framework; path = System/Library/Frameworks/AssetsLibrary.framework; sourceTree = SDKROOT; };
		C81703FC1977C35900A1905B /* CoreLocation.framework */ = {isa = PBXFileReference; lastKnownFileType = wrapper.framework; name = CoreLocation.framework; path = System/Library/Frameworks/CoreLocation.framework; sourceTree = SDKROOT; };
		C81703FE1977C36500A1905B /* CoreMotion.framework */ = {isa = PBXFileReference; lastKnownFileType = wrapper.framework; name = CoreMotion.framework; path = System/Library/Frameworks/CoreMotion.framework; sourceTree = SDKROOT; };
/* End PBXFileReference section */

/* Begin PBXFrameworksBuildPhase section */
		C81703A81977BB1400A1905B /* Frameworks */ = {
			isa = PBXFrameworksBuildPhase;
			buildActionMask = 2147483647;
			files = (
				C81703FF1977C36500A1905B /* CoreMotion.framework in Frameworks */,
				C81703FD1977C35900A1905B /* CoreLocation.framework in Frameworks */,
				C81703FB1977C34C00A1905B /* AssetsLibrary.framework in Frameworks */,
				C81703F91977C34100A1905B /* Accounts.framework in Frameworks */,
				C81703F71977C33400A1905B /* StoreKit.framework in Frameworks */,
				C81703F51977C32A00A1905B /* Social.framework in Frameworks */,
				C81703F31977C31B00A1905B /* AVFoundation.framework in Frameworks */,
				C81703F11977C31200A1905B /* AddressBook.framework in Frameworks */,
				C81703E71977C12300A1905B /* GoogleOpenSource.framework in Frameworks */,
				C81703E81977C12300A1905B /* GooglePlus.bundle in Frameworks */,
				C81703E91977C12300A1905B /* GooglePlus.framework in Frameworks */,
				C81703B11977BB1400A1905B /* CoreGraphics.framework in Frameworks */,
				C81703B31977BB1400A1905B /* UIKit.framework in Frameworks */,
				C81703AF1977BB1400A1905B /* Foundation.framework in Frameworks */,
			);
			runOnlyForDeploymentPostprocessing = 0;
		};
		C81703C31977BB1400A1905B /* Frameworks */ = {
			isa = PBXFrameworksBuildPhase;
			buildActionMask = 2147483647;
			files = (
				C81703C81977BB1400A1905B /* XCTest.framework in Frameworks */,
				C81703CA1977BB1400A1905B /* UIKit.framework in Frameworks */,
				C81703C91977BB1400A1905B /* Foundation.framework in Frameworks */,
			);
			runOnlyForDeploymentPostprocessing = 0;
		};
/* End PBXFrameworksBuildPhase section */

/* Begin PBXGroup section */
		C81703A21977BB1400A1905B = {
			isa = PBXGroup;
			children = (
				C81703B41977BB1400A1905B /* FriendsList */,
				C81703CD1977BB1400A1905B /* FriendsListTests */,
				C81703AD1977BB1400A1905B /* Frameworks */,
				C81703AC1977BB1400A1905B /* Products */,
			);
			sourceTree = "<group>";
		};
		C81703AC1977BB1400A1905B /* Products */ = {
			isa = PBXGroup;
			children = (
				C81703AB1977BB1400A1905B /* FriendsList.app */,
				C81703C61977BB1400A1905B /* FriendsListTests.xctest */,
			);
			name = Products;
			sourceTree = "<group>";
		};
		C81703AD1977BB1400A1905B /* Frameworks */ = {
			isa = PBXGroup;
			children = (
				C81703FE1977C36500A1905B /* CoreMotion.framework */,
				C81703FC1977C35900A1905B /* CoreLocation.framework */,
				C81703FA1977C34C00A1905B /* AssetsLibrary.framework */,
				C81703F81977C34100A1905B /* Accounts.framework */,
				C81703F61977C33400A1905B /* StoreKit.framework */,
				C81703F41977C32A00A1905B /* Social.framework */,
				C81703F21977C31B00A1905B /* AVFoundation.framework */,
				C81703F01977C31200A1905B /* AddressBook.framework */,
				C81703E41977C12300A1905B /* GoogleOpenSource.framework */,
				C81703E51977C12300A1905B /* GooglePlus.bundle */,
				C81703E61977C12300A1905B /* GooglePlus.framework */,
				C81703AE1977BB1400A1905B /* Foundation.framework */,
				C81703B01977BB1400A1905B /* CoreGraphics.framework */,
				C81703B21977BB1400A1905B /* UIKit.framework */,
				C81703C71977BB1400A1905B /* XCTest.framework */,
			);
			name = Frameworks;
			sourceTree = "<group>";
		};
		C81703B41977BB1400A1905B /* FriendsList */ = {
			isa = PBXGroup;
			children = (
				C81703BD1977BB1400A1905B /* DVAppDelegate.h */,
				C81703BE1977BB1400A1905B /* DVAppDelegate.m */,
				C81703DD1977BB4600A1905B /* HomeViewController.h */,
				C81703DE1977BB4600A1905B /* HomeViewController.m */,
				C81703DF1977BB4600A1905B /* HomeViewController.xib */,
				C81703EA1977C18E00A1905B /* GoogleSource */,
				C81703C01977BB1400A1905B /* Images.xcassets */,
				C81703B51977BB1400A1905B /* Supporting Files */,
			);
			path = FriendsList;
			sourceTree = "<group>";
		};
		C81703B51977BB1400A1905B /* Supporting Files */ = {
			isa = PBXGroup;
			children = (
				C81703E21977BFA600A1905B /* orangeButton.png */,
				C81703B61977BB1400A1905B /* FriendsList-Info.plist */,
				C81703B71977BB1400A1905B /* InfoPlist.strings */,
				C81703BA1977BB1400A1905B /* main.m */,
				C81703BC1977BB1400A1905B /* FriendsList-Prefix.pch */,
			);
			name = "Supporting Files";
			sourceTree = "<group>";
		};
		C81703CD1977BB1400A1905B /* FriendsListTests */ = {
			isa = PBXGroup;
			children = (
				C81703D31977BB1400A1905B /* FriendsListTests.m */,
				C81703CE1977BB1400A1905B /* Supporting Files */,
			);
			path = FriendsListTests;
			sourceTree = "<group>";
		};
		C81703CE1977BB1400A1905B /* Supporting Files */ = {
			isa = PBXGroup;
			children = (
				C81703CF1977BB1400A1905B /* FriendsListTests-Info.plist */,
				C81703D01977BB1400A1905B /* InfoPlist.strings */,
			);
			name = "Supporting Files";
			sourceTree = "<group>";
		};
		C81703EA1977C18E00A1905B /* GoogleSource */ = {
			isa = PBXGroup;
			children = (
				C81703EB1977C18E00A1905B /* ListPeopleViewController.h */,
				C81703EC1977C18E00A1905B /* ListPeopleViewController.m */,
				C81703ED1977C18E00A1905B /* ListPeopleViewController.xib */,
			);
			path = GoogleSource;
			sourceTree = "<group>";
		};
/* End PBXGroup section */

/* Begin PBXNativeTarget section */
		C81703AA1977BB1400A1905B /* FriendsList */ = {
			isa = PBXNativeTarget;
			buildConfigurationList = C81703D71977BB1400A1905B /* Build configuration list for PBXNativeTarget "FriendsList" */;
			buildPhases = (
				C81703A71977BB1400A1905B /* Sources */,
				C81703A81977BB1400A1905B /* Frameworks */,
				C81703A91977BB1400A1905B /* Resources */,
			);
			buildRules = (
			);
			dependencies = (
			);
			name = FriendsList;
			productName = FriendsList;
			productReference = C81703AB1977BB1400A1905B /* FriendsList.app */;
			productType = "com.apple.product-type.application";
		};
		C81703C51977BB1400A1905B /* FriendsListTests */ = {
			isa = PBXNativeTarget;
			buildConfigurationList = C81703DA1977BB1400A1905B /* Build configuration list for PBXNativeTarget "FriendsListTests" */;
			buildPhases = (
				C81703C21977BB1400A1905B /* Sources */,
				C81703C31977BB1400A1905B /* Frameworks */,
				C81703C41977BB1400A1905B /* Resources */,
			);
			buildRules = (
			);
			dependencies = (
				C81703CC1977BB1400A1905B /* PBXTargetDependency */,
			);
			name = FriendsListTests;
			productName = FriendsListTests;
			productReference = C81703C61977BB1400A1905B /* FriendsListTests.xctest */;
			productType = "com.apple.product-type.bundle.unit-test";
		};
/* End PBXNativeTarget section */

/* Begin PBXProject section */
		C81703A31977BB1400A1905B /* Project object */ = {
			isa = PBXProject;
			attributes = {
				CLASSPREFIX = DV;
				LastUpgradeCheck = 0510;
				ORGANIZATIONNAME = Home;
				TargetAttributes = {
					C81703C51977BB1400A1905B = {
						TestTargetID = C81703AA1977BB1400A1905B;
					};
				};
			};
			buildConfigurationList = C81703A61977BB1400A1905B /* Build configuration list for PBXProject "FriendsList" */;
			compatibilityVersion = "Xcode 3.2";
			developmentRegion = English;
			hasScannedForEncodings = 0;
			knownRegions = (
				en,
			);
			mainGroup = C81703A21977BB1400A1905B;
			productRefGroup = C81703AC1977BB1400A1905B /* Products */;
			projectDirPath = "";
			projectRoot = "";
			targets = (
				C81703AA1977BB1400A1905B /* FriendsList */,
				C81703C51977BB1400A1905B /* FriendsListTests */,
			);
		};
/* End PBXProject section */

/* Begin PBXResourcesBuildPhase section */
		C81703A91977BB1400A1905B /* Resources */ = {
			isa = PBXResourcesBuildPhase;
			buildActionMask = 2147483647;
			files = (
				C81703B91977BB1400A1905B /* InfoPlist.strings in Resources */,
				C81703C11977BB1400A1905B /* Images.xcassets in Resources */,
				C81703E11977BB4600A1905B /* HomeViewController.xib in Resources */,
				C81703E31977BFA600A1905B /* orangeButton.png in Resources */,
				C81703EF1977C18E00A1905B /* ListPeopleViewController.xib in Resources */,
			);
			runOnlyForDeploymentPostprocessing = 0;
		};
		C81703C41977BB1400A1905B /* Resources */ = {
			isa = PBXResourcesBuildPhase;
			buildActionMask = 2147483647;
			files = (
				C81703D21977BB1400A1905B /* InfoPlist.strings in Resources */,
			);
			runOnlyForDeploymentPostprocessing = 0;
		};
/* End PBXResourcesBuildPhase section */

/* Begin PBXSourcesBuildPhase section */
		C81703A71977BB1400A1905B /* Sources */ = {
			isa = PBXSourcesBuildPhase;
			buildActionMask = 2147483647;
			files = (
				C81703BF1977BB1400A1905B /* DVAppDelegate.m in Sources */,
				C81703EE1977C18E00A1905B /* ListPeopleViewController.m in Sources */,
				C81703BB1977BB1400A1905B /* main.m in Sources */,
				C81703E01977BB4600A1905B /* HomeViewController.m in Sources */,
			);
			runOnlyForDeploymentPostprocessing = 0;
		};
		C81703C21977BB1400A1905B /* Sources */ = {
			isa = PBXSourcesBuildPhase;
			buildActionMask = 2147483647;
			files = (
				C81703D41977BB1400A1905B /* FriendsListTests.m in Sources */,
			);
			runOnlyForDeploymentPostprocessing = 0;
		};
/* End PBXSourcesBuildPhase section */

/* Begin PBXTargetDependency section */
		C81703CC1977BB1400A1905B /* PBXTargetDependency */ = {
			isa = PBXTargetDependency;
			target = C81703AA1977BB1400A1905B /* FriendsList */;
			targetProxy = C81703CB1977BB1400A1905B /* PBXContainerItemProxy */;
		};
/* End PBXTargetDependency section */

/* Begin PBXVariantGroup section */
		C81703B71977BB1400A1905B /* InfoPlist.strings */ = {
			isa = PBXVariantGroup;
			children = (
				C81703B81977BB1400A1905B /* en */,
			);
			name = InfoPlist.strings;
			sourceTree = "<group>";
		};
		C81703D01977BB1400A1905B /* InfoPlist.strings */ = {
			isa = PBXVariantGroup;
			children = (
				C81703D11977BB1400A1905B /* en */,
			);
			name = InfoPlist.strings;
			sourceTree = "<group>";
		};
/* End PBXVariantGroup section */

/* Begin XCBuildConfiguration section */
		C81703D51977BB1400A1905B /* Debug */ = {
			isa = XCBuildConfiguration;
			buildSettings = {
				ALWAYS_SEARCH_USER_PATHS = NO;
				CLANG_CXX_LANGUAGE_STANDARD = "gnu++0x";
				CLANG_CXX_LIBRARY = "libc++";
				CLANG_ENABLE_MODULES = YES;
				CLANG_ENABLE_OBJC_ARC = YES;
				CLANG_WARN_BOOL_CONVERSION = YES;
				CLANG_WARN_CONSTANT_CONVERSION = YES;
				CLANG_WARN_DIRECT_OBJC_ISA_USAGE = YES_ERROR;
				CLANG_WARN_EMPTY_BODY = YES;
				CLANG_WARN_ENUM_CONVERSION = YES;
				CLANG_WARN_INT_CONVERSION = YES;
				CLANG_WARN_OBJC_ROOT_CLASS = YES_ERROR;
				CLANG_WARN__DUPLICATE_METHOD_MATCH = YES;
				"CODE_SIGN_IDENTITY[sdk=iphoneos*]" = "iPhone Developer";
				COPY_PHASE_STRIP = NO;
				GCC_C_LANGUAGE_STANDARD = gnu99;
				GCC_DYNAMIC_NO_PIC = NO;
				GCC_OPTIMIZATION_LEVEL = 0;
				GCC_PREPROCESSOR_DEFINITIONS = (
					"DEBUG=1",
					"$(inherited)",
				);
				GCC_SYMBOLS_PRIVATE_EXTERN = NO;
				GCC_WARN_64_TO_32_BIT_CONVERSION = YES;
				GCC_WARN_ABOUT_RETURN_TYPE = YES_ERROR;
				GCC_WARN_UNDECLARED_SELECTOR = YES;
				GCC_WARN_UNINITIALIZED_AUTOS = YES_AGGRESSIVE;
				GCC_WARN_UNUSED_FUNCTION = YES;
				GCC_WARN_UNUSED_VARIABLE = YES;
				IPHONEOS_DEPLOYMENT_TARGET = 6.1;
				ONLY_ACTIVE_ARCH = YES;
				SDKROOT = iphoneos;
			};
			name = Debug;
		};
		C81703D61977BB1400A1905B /* Release */ = {
			isa = XCBuildConfiguration;
			buildSettings = {
				ALWAYS_SEARCH_USER_PATHS = NO;
				CLANG_CXX_LANGUAGE_STANDARD = "gnu++0x";
				CLANG_CXX_LIBRARY = "libc++";
				CLANG_ENABLE_MODULES = YES;
				CLANG_ENABLE_OBJC_ARC = YES;
				CLANG_WARN_BOOL_CONVERSION = YES;
				CLANG_WARN_CONSTANT_CONVERSION = YES;
				CLANG_WARN_DIRECT_OBJC_ISA_USAGE = YES_ERROR;
				CLANG_WARN_EMPTY_BODY = YES;
				CLANG_WARN_ENUM_CONVERSION = YES;
				CLANG_WARN_INT_CONVERSION = YES;
				CLANG_WARN_OBJC_ROOT_CLASS = YES_ERROR;
				CLANG_WARN__DUPLICATE_METHOD_MATCH = YES;
				"CODE_SIGN_IDENTITY[sdk=iphoneos*]" = "iPhone Developer";
				COPY_PHASE_STRIP = YES;
				ENABLE_NS_ASSERTIONS = NO;
				GCC_C_LANGUAGE_STANDARD = gnu99;
				GCC_WARN_64_TO_32_BIT_CONVERSION = YES;
				GCC_WARN_ABOUT_RETURN_TYPE = YES_ERROR;
				GCC_WARN_UNDECLARED_SELECTOR = YES;
				GCC_WARN_UNINITIALIZED_AUTOS = YES_AGGRESSIVE;
				GCC_WARN_UNUSED_FUNCTION = YES;
				GCC_WARN_UNUSED_VARIABLE = YES;
				IPHONEOS_DEPLOYMENT_TARGET = 6.1;
				SDKROOT = iphoneos;
				VALIDATE_PRODUCT = YES;
			};
			name = Release;
		};
		C81703D81977BB1400A1905B /* Debug */ = {
			isa = XCBuildConfiguration;
			buildSettings = {
				ASSETCATALOG_COMPILER_APPICON_NAME = AppIcon;
				ASSETCATALOG_COMPILER_LAUNCHIMAGE_NAME = LaunchImage;
				FRAMEWORK_SEARCH_PATHS = (
					"$(inherited)",
					"$(PROJECT_DIR)/Framework/Google",
				);
				GCC_PRECOMPILE_PREFIX_HEADER = YES;
				GCC_PREFIX_HEADER = "FriendsList/FriendsList-Prefix.pch";
				INFOPLIST_FILE = "FriendsList/FriendsList-Info.plist";
				IPHONEOS_DEPLOYMENT_TARGET = 6.0;
				PRODUCT_NAME = "$(TARGET_NAME)";
				WRAPPER_EXTENSION = app;
			};
			name = Debug;
		};
		C81703D91977BB1400A1905B /* Release */ = {
			isa = XCBuildConfiguration;
			buildSettings = {
				ASSETCATALOG_COMPILER_APPICON_NAME = AppIcon;
				ASSETCATALOG_COMPILER_LAUNCHIMAGE_NAME = LaunchImage;
				FRAMEWORK_SEARCH_PATHS = (
					"$(inherited)",
					"$(PROJECT_DIR)/Framework/Google",
				);
				GCC_PRECOMPILE_PREFIX_HEADER = YES;
				GCC_PREFIX_HEADER = "FriendsList/FriendsList-Prefix.pch";
				INFOPLIST_FILE = "FriendsList/FriendsList-Info.plist";
				IPHONEOS_DEPLOYMENT_TARGET = 6.0;
				PRODUCT_NAME = "$(TARGET_NAME)";
				WRAPPER_EXTENSION = app;
			};
			name = Release;
		};
		C81703DB1977BB1400A1905B /* Debug */ = {
			isa = XCBuildConfiguration;
			buildSettings = {
				BUNDLE_LOADER = "$(BUILT_PRODUCTS_DIR)/FriendsList.app/FriendsList";
				FRAMEWORK_SEARCH_PATHS = (
					"$(SDKROOT)/Developer/Library/Frameworks",
					"$(inherited)",
					"$(DEVELOPER_FRAMEWORKS_DIR)",
				);
				GCC_PRECOMPILE_PREFIX_HEADER = YES;
				GCC_PREFIX_HEADER = "FriendsList/FriendsList-Prefix.pch";
				GCC_PREPROCESSOR_DEFINITIONS = (
					"DEBUG=1",
					"$(inherited)",
				);
				INFOPLIST_FILE = "FriendsListTests/FriendsListTests-Info.plist";
				PRODUCT_NAME = "$(TARGET_NAME)";
				TEST_HOST = "$(BUNDLE_LOADER)";
				WRAPPER_EXTENSION = xctest;
			};
			name = Debug;
		};
		C81703DC1977BB1400A1905B /* Release */ = {
			isa = XCBuildConfiguration;
			buildSettings = {
				BUNDLE_LOADER = "$(BUILT_PRODUCTS_DIR)/FriendsList.app/FriendsList";
				FRAMEWORK_SEARCH_PATHS = (
					"$(SDKROOT)/Developer/Library/Frameworks",
					"$(inherited)",
					"$(DEVELOPER_FRAMEWORKS_DIR)",
				);
				GCC_PRECOMPILE_PREFIX_HEADER = YES;
				GCC_PREFIX_HEADER = "FriendsList/FriendsList-Prefix.pch";
				INFOPLIST_FILE = "FriendsListTests/FriendsListTests-Info.plist";
				PRODUCT_NAME = "$(TARGET_NAME)";
				TEST_HOST = "$(BUNDLE_LOADER)";
				WRAPPER_EXTENSION = xctest;
			};
			name = Release;
		};
/* End XCBuildConfiguration section */

/* Begin XCConfigurationList section */
		C81703A61977BB1400A1905B /* Build configuration list for PBXProject "FriendsList" */ = {
			isa = XCConfigurationList;
			buildConfigurations = (
				C81703D51977BB1400A1905B /* Debug */,
				C81703D61977BB1400A1905B /* Release */,
			);
			defaultConfigurationIsVisible = 0;
			defaultConfigurationName = Release;
		};
		C81703D71977BB1400A1905B /* Build configuration list for PBXNativeTarget "FriendsList" */ = {
			isa = XCConfigurationList;
			buildConfigurations = (
				C81703D81977BB1400A1905B /* Debug */,
				C81703D91977BB1400A1905B /* Release */,
			);
			defaultConfigurationIsVisible = 0;
		};
		C81703DA1977BB1400A1905B /* Build configuration list for PBXNativeTarget "FriendsListTests" */ = {
			isa = XCConfigurationList;
			buildConfigurations = (
				C81703DB1977BB1400A1905B /* Debug */,
				C81703DC1977BB1400A1905B /* Release */,
			);
			defaultConfigurationIsVisible = 0;
		};
/* End XCConfigurationList section */
	};
	rootObject = C81703A31977BB1400A1905B /* Project object */;
}
